
Microsoft Visual Studio Solution File, Format Version 12.00
# Visual Studio 15
VisualStudioVersion = 15.0.28307.852
MinimumVisualStudioVersion = 10.0.40219.1
Project("{8BC9CEB8-8B4A-11D0-8D11-00A0C91BC942}") = "Company", "Company\Company.vcxproj", "{222D8EA6-1EDC-4B27-80BC-3E00BDE7A754}"
EndProject
Project("{8BC9CEB8-8B4A-11D0-8D11-00A0C91BC942}") = "University", "University\University.vcxproj", "{1BAB4486-5E4B-4EC5-B030-F7CE8B693179}"
EndProject
Project("{8BC9CEB8-8B4A-11D0-8D11-00A0C91BC942}") = "Library", "Library\Library.vcxproj", "{E44D39C4-856D-4393-97FE-68BD82216E89}"
EndProject
Global
	GlobalSection(SolutionConfigurationPlatforms) = preSolution
		Debug|x64 = Debug|x64
		Debug|x86 = Debug|x86
		Release|x64 = Release|x64
		Release|x86 = Release|x86
	EndGlobalSection
	GlobalSection(ProjectConfigurationPlatforms) = postSolution
		{222D8EA6-1EDC-4B27-80BC-3E00BDE7A754}.Debug|x64.ActiveCfg = Debug|x64
		{222D8EA6-1EDC-4B27-80BC-3E00BDE7A754}.Debug|x64.Build.0 = Debug|x64
		{222D8EA6-1EDC-4B27-80BC-3E00BDE7A754}.Debug|x86.ActiveCfg = Debug|Win32
		{222D8EA6-1EDC-4B27-80BC-3E00BDE7A754}.Debug|x86.Build.0 = Debug|Win32
		{222D8EA6-1EDC-4B27-80BC-3E00BDE7A754}.Release|x64.ActiveCfg = Release|x64
		{222D8EA6-1EDC-4B27-80BC-3E00BDE7A754}.Release|x64.Build.0 = Release|x64
		{222D8EA6-1EDC-4B27-80BC-3E00BDE7A754}.Release|x86.ActiveCfg = Release|Win32
		{222D8EA6-1EDC-4B27-80BC-3E00BDE7A754}.Release|x86.Build.0 = Release|Win32
		{1BAB4486-5E4B-4EC5-B030-F7CE8B693179}.Debug|x64.ActiveCfg = Debug|x64
		{1BAB4486-5E4B-4EC5-B030-F7CE8B693179}.Debug|x64.Build.0 = Debug|x64
		{1BAB4486-5E4B-4EC5-B030-F7CE8B693179}.Debug|x86.ActiveCfg = Debug|Win32
		{1BAB4486-5E4B-4EC5-B030-F7CE8B693179}.Debug|x86.Build.0 = Debug|Win32
		{1BAB4486-5E4B-4EC5-B030-F7CE8B693179}.Release|x64.ActiveCfg = Release|x64
		{1BAB4486-5E4B-4EC5-B030-F7CE8B693179}.Release|x64.Build.0 = Release|x64
		{1BAB4486-5E4B-4EC5-B030-F7CE8B693179}.Release|x86.ActiveCfg = Release|Win32
		{1BAB4486-5E4B-4EC5-B030-F7CE8B693179}.Release|x86.Build.0 = Release|Win32
		{E44D39C4-856D-4393-97FE-68BD82216E89}.Debug|x64.ActiveCfg = Debug|x64
		{E44D39C4-856D-4393-97FE-68BD82216E89}.Debug|x64.Build.0 = Debug|x64
		{E44D39C4-856D-4393-97FE-68BD82216E89}.Debug|x86.ActiveCfg = Debug|Win32
		{E44D39C4-856D-4393-97FE-68BD82216E89}.Debug|x86.Build.0 = Debug|Win32
		{E44D39C4-856D-4393-97FE-68BD82216E89}.Release|x64.ActiveCfg = Release|x64
		{E44D39C4-856D-4393-97FE-68BD82216E89}.Release|x64.Build.0 = Release|x64
		{E44D39C4-856D-4393-97FE-68BD82216E89}.Release|x86.ActiveCfg = Release|Win32
		{E44D39C4-856D-4393-97FE-68BD82216E89}.Release|x86.Build.0 = Release|Win32
	EndGlobalSection
	GlobalSection(SolutionProperties) = preSolution
		HideSolutionNode = FALSE
	EndGlobalSection
	GlobalSection(ExtensibilityGlobals) = postSolution
		SolutionGuid = {2E37E4A1-44B5-43F4-8FDE-EA8D77D11B54}
	EndGlobalSection
EndGlobal
